
Microsoft Visual Studio Solution File, Format Version 12.00
# Visual Studio Version 17
VisualStudioVersion = 17.0.31912.275
MinimumVisualStudioVersion = 10.0.40219.1
Project("{9A19103F-16F7-4668-BE54-9A1E7A4F7556}") = "csharp-web-dev-exceptions", "csharp-web-dev-exceptions.csproj", "{1AEB2F39-C913-45AD-94E2-1E4256F6528A}"
EndProject
Global
	GlobalSection(SolutionConfigurationPlatforms) = preSolution
		Debug|Any CPU = Debug|Any CPU
		Release|Any CPU = Release|Any CPU
	EndGlobalSection
	GlobalSection(ProjectConfigurationPlatforms) = postSolution
		{1AEB2F39-C913-45AD-94E2-1E4256F6528A}.Debug|Any CPU.ActiveCfg = Debug|Any CPU
		{1AEB2F39-C913-45AD-94E2-1E4256F6528A}.Debug|Any CPU.Build.0 = Debug|Any CPU
		{1AEB2F39-C913-45AD-94E2-1E4256F6528A}.Release|Any CPU.ActiveCfg = Release|Any CPU
		{1AEB2F39-C913-45AD-94E2-1E4256F6528A}.Release|Any CPU.Build.0 = Release|Any CPU
	EndGlobalSection
	GlobalSection(SolutionProperties) = preSolution
		HideSolutionNode = FALSE
	EndGlobalSection
	GlobalSection(ExtensibilityGlobals) = postSolution
		SolutionGuid = {4F851AF5-3F0C-4448-80CD-6FE0FBB68188}
	EndGlobalSection
EndGlobal
